
Microsoft Visual Studio Solution File, Format Version 12.00
# Visual Studio 14
VisualStudioVersion = 14.0.25420.1
MinimumVisualStudioVersion = 10.0.40219.1
Project("{8BC9CEB8-8B4A-11D0-8D11-00A0C91BC942}") = "Aula0810", "Aula0810\Aula0810.vcxproj", "{58D0BA73-D0E6-4255-B995-943BCEC86707}"
EndProject
Project("{8BC9CEB8-8B4A-11D0-8D11-00A0C91BC942}") = "Aula1010_funcoes", "Aula1010_funcoes\Aula1010_funcoes.vcxproj", "{A55070AC-DC7C-4CD5-A7C4-8D19D79889C0}"
EndProject
Project("{8BC9CEB8-8B4A-11D0-8D11-00A0C91BC942}") = "Aula1010_calculadora", "Aula1010_calculadora\Aula1010_calculadora.vcxproj", "{5958620C-A50D-44F7-812D-18C0C96428BF}"
EndProject
Project("{8BC9CEB8-8B4A-11D0-8D11-00A0C91BC942}") = "Aula2210_Condicionais", "Aula2210_Condicionais\Aula2210_Condicionais.vcxproj", "{08C52CA9-7EF7-4809-917B-8CFFBB89FD40}"
EndProject
Project("{8BC9CEB8-8B4A-11D0-8D11-00A0C91BC942}") = "Aula2410_Switch", "Aula2410_Switch\Aula2410_Switch.vcxproj", "{E803DF3B-C56F-4A68-B895-8F3F84D33DF7}"
EndProject
Project("{8BC9CEB8-8B4A-11D0-8D11-00A0C91BC942}") = "Aula2410_CalculoImpostoDeRenda", "Aula2410_CalculoImpostoDeRenda\Aula2410_CalculoImpostoDeRenda.vcxproj", "{614C3667-D816-4B9A-A656-266D23E01F59}"
EndProject
Project("{8BC9CEB8-8B4A-11D0-8D11-00A0C91BC942}") = "Aula2410_Loops", "Aula2410_Loops\Aula2410_Loops.vcxproj", "{3DBB4BAD-0E89-4BF8-B3EA-A9F9FA36E3D4}"
EndProject
Project("{8BC9CEB8-8B4A-11D0-8D11-00A0C91BC942}") = "Aula2910", "Aula2910\Aula2910.vcxproj", "{FDCA0E8C-DC43-4515-8203-D7BD8AF45965}"
EndProject
Project("{8BC9CEB8-8B4A-11D0-8D11-00A0C91BC942}") = "Aula1411_Ponteiros", "Aula1411_Ponteiros\Aula1411_Ponteiros.vcxproj", "{EFAF5209-BEE2-4C9A-B13F-CE09B9158DB3}"
EndProject
Project("{8BC9CEB8-8B4A-11D0-8D11-00A0C91BC942}") = "Aula1411_Structs", "Aula1411_Structs\Aula1411_Structs.vcxproj", "{D42DFEDB-061B-41BC-BF08-96294CAFC93C}"
EndProject
Global
	GlobalSection(SolutionConfigurationPlatforms) = preSolution
		Debug|x64 = Debug|x64
		Debug|x86 = Debug|x86
		Release|x64 = Release|x64
		Release|x86 = Release|x86
	EndGlobalSection
	GlobalSection(ProjectConfigurationPlatforms) = postSolution
		{58D0BA73-D0E6-4255-B995-943BCEC86707}.Debug|x64.ActiveCfg = Debug|x64
		{58D0BA73-D0E6-4255-B995-943BCEC86707}.Debug|x64.Build.0 = Debug|x64
		{58D0BA73-D0E6-4255-B995-943BCEC86707}.Debug|x86.ActiveCfg = Debug|Win32
		{58D0BA73-D0E6-4255-B995-943BCEC86707}.Debug|x86.Build.0 = Debug|Win32
		{58D0BA73-D0E6-4255-B995-943BCEC86707}.Release|x64.ActiveCfg = Release|x64
		{58D0BA73-D0E6-4255-B995-943BCEC86707}.Release|x64.Build.0 = Release|x64
		{58D0BA73-D0E6-4255-B995-943BCEC86707}.Release|x86.ActiveCfg = Release|Win32
		{58D0BA73-D0E6-4255-B995-943BCEC86707}.Release|x86.Build.0 = Release|Win32
		{A55070AC-DC7C-4CD5-A7C4-8D19D79889C0}.Debug|x64.ActiveCfg = Debug|x64
		{A55070AC-DC7C-4CD5-A7C4-8D19D79889C0}.Debug|x64.Build.0 = Debug|x64
		{A55070AC-DC7C-4CD5-A7C4-8D19D79889C0}.Debug|x86.ActiveCfg = Debug|Win32
		{A55070AC-DC7C-4CD5-A7C4-8D19D79889C0}.Debug|x86.Build.0 = Debug|Win32
		{A55070AC-DC7C-4CD5-A7C4-8D19D79889C0}.Release|x64.ActiveCfg = Release|x64
		{A55070AC-DC7C-4CD5-A7C4-8D19D79889C0}.Release|x64.Build.0 = Release|x64
		{A55070AC-DC7C-4CD5-A7C4-8D19D79889C0}.Release|x86.ActiveCfg = Release|Win32
		{A55070AC-DC7C-4CD5-A7C4-8D19D79889C0}.Release|x86.Build.0 = Release|Win32
		{5958620C-A50D-44F7-812D-18C0C96428BF}.Debug|x64.ActiveCfg = Debug|x64
		{5958620C-A50D-44F7-812D-18C0C96428BF}.Debug|x64.Build.0 = Debug|x64
		{5958620C-A50D-44F7-812D-18C0C96428BF}.Debug|x86.ActiveCfg = Debug|Win32
		{5958620C-A50D-44F7-812D-18C0C96428BF}.Debug|x86.Build.0 = Debug|Win32
		{5958620C-A50D-44F7-812D-18C0C96428BF}.Release|x64.ActiveCfg = Release|x64
		{5958620C-A50D-44F7-812D-18C0C96428BF}.Release|x64.Build.0 = Release|x64
		{5958620C-A50D-44F7-812D-18C0C96428BF}.Release|x86.ActiveCfg = Release|Win32
		{5958620C-A50D-44F7-812D-18C0C96428BF}.Release|x86.Build.0 = Release|Win32
		{08C52CA9-7EF7-4809-917B-8CFFBB89FD40}.Debug|x64.ActiveCfg = Debug|x64
		{08C52CA9-7EF7-4809-917B-8CFFBB89FD40}.Debug|x64.Build.0 = Debug|x64
		{08C52CA9-7EF7-4809-917B-8CFFBB89FD40}.Debug|x86.ActiveCfg = Debug|Win32
		{08C52CA9-7EF7-4809-917B-8CFFBB89FD40}.Debug|x86.Build.0 = Debug|Win32
		{08C52CA9-7EF7-4809-917B-8CFFBB89FD40}.Release|x64.ActiveCfg = Release|x64
		{08C52CA9-7EF7-4809-917B-8CFFBB89FD40}.Release|x64.Build.0 = Release|x64
		{08C52CA9-7EF7-4809-917B-8CFFBB89FD40}.Release|x86.ActiveCfg = Release|Win32
		{08C52CA9-7EF7-4809-917B-8CFFBB89FD40}.Release|x86.Build.0 = Release|Win32
		{E803DF3B-C56F-4A68-B895-8F3F84D33DF7}.Debug|x64.ActiveCfg = Debug|x64
		{E803DF3B-C56F-4A68-B895-8F3F84D33DF7}.Debug|x64.Build.0 = Debug|x64
		{E803DF3B-C56F-4A68-B895-8F3F84D33DF7}.Debug|x86.ActiveCfg = Debug|Win32
		{E803DF3B-C56F-4A68-B895-8F3F84D33DF7}.Debug|x86.Build.0 = Debug|Win32
		{E803DF3B-C56F-4A68-B895-8F3F84D33DF7}.Release|x64.ActiveCfg = Release|x64
		{E803DF3B-C56F-4A68-B895-8F3F84D33DF7}.Release|x64.Build.0 = Release|x64
		{E803DF3B-C56F-4A68-B895-8F3F84D33DF7}.Release|x86.ActiveCfg = Release|Win32
		{E803DF3B-C56F-4A68-B895-8F3F84D33DF7}.Release|x86.Build.0 = Release|Win32
		{614C3667-D816-4B9A-A656-266D23E01F59}.Debug|x64.ActiveCfg = Debug|x64
		{614C3667-D816-4B9A-A656-266D23E01F59}.Debug|x64.Build.0 = Debug|x64
		{614C3667-D816-4B9A-A656-266D23E01F59}.Debug|x86.ActiveCfg = Debug|Win32
		{614C3667-D816-4B9A-A656-266D23E01F59}.Debug|x86.Build.0 = Debug|Win32
		{614C3667-D816-4B9A-A656-266D23E01F59}.Release|x64.ActiveCfg = Release|x64
		{614C3667-D816-4B9A-A656-266D23E01F59}.Release|x64.Build.0 = Release|x64
		{614C3667-D816-4B9A-A656-266D23E01F59}.Release|x86.ActiveCfg = Release|Win32
		{614C3667-D816-4B9A-A656-266D23E01F59}.Release|x86.Build.0 = Release|Win32
		{3DBB4BAD-0E89-4BF8-B3EA-A9F9FA36E3D4}.Debug|x64.ActiveCfg = Debug|x64
		{3DBB4BAD-0E89-4BF8-B3EA-A9F9FA36E3D4}.Debug|x64.Build.0 = Debug|x64
		{3DBB4BAD-0E89-4BF8-B3EA-A9F9FA36E3D4}.Debug|x86.ActiveCfg = Debug|Win32
		{3DBB4BAD-0E89-4BF8-B3EA-A9F9FA36E3D4}.Debug|x86.Build.0 = Debug|Win32
		{3DBB4BAD-0E89-4BF8-B3EA-A9F9FA36E3D4}.Release|x64.ActiveCfg = Release|x64
		{3DBB4BAD-0E89-4BF8-B3EA-A9F9FA36E3D4}.Release|x64.Build.0 = Release|x64
		{3DBB4BAD-0E89-4BF8-B3EA-A9F9FA36E3D4}.Release|x86.ActiveCfg = Release|Win32
		{3DBB4BAD-0E89-4BF8-B3EA-A9F9FA36E3D4}.Release|x86.Build.0 = Release|Win32
		{FDCA0E8C-DC43-4515-8203-D7BD8AF45965}.Debug|x64.ActiveCfg = Debug|x64
		{FDCA0E8C-DC43-4515-8203-D7BD8AF45965}.Debug|x64.Build.0 = Debug|x64
		{FDCA0E8C-DC43-4515-8203-D7BD8AF45965}.Debug|x86.ActiveCfg = Debug|Win32
		{FDCA0E8C-DC43-4515-8203-D7BD8AF45965}.Debug|x86.Build.0 = Debug|Win32
		{FDCA0E8C-DC43-4515-8203-D7BD8AF45965}.Release|x64.ActiveCfg = Release|x64
		{FDCA0E8C-DC43-4515-8203-D7BD8AF45965}.Release|x64.Build.0 = Release|x64
		{FDCA0E8C-DC43-4515-8203-D7BD8AF45965}.Release|x86.ActiveCfg = Release|Win32
		{FDCA0E8C-DC43-4515-8203-D7BD8AF45965}.Release|x86.Build.0 = Release|Win32
		{EFAF5209-BEE2-4C9A-B13F-CE09B9158DB3}.Debug|x64.ActiveCfg = Debug|x64
		{EFAF5209-BEE2-4C9A-B13F-CE09B9158DB3}.Debug|x64.Build.0 = Debug|x64
		{EFAF5209-BEE2-4C9A-B13F-CE09B9158DB3}.Debug|x86.ActiveCfg = Debug|Win32
		{EFAF5209-BEE2-4C9A-B13F-CE09B9158DB3}.Debug|x86.Build.0 = Debug|Win32
		{EFAF5209-BEE2-4C9A-B13F-CE09B9158DB3}.Release|x64.ActiveCfg = Release|x64
		{EFAF5209-BEE2-4C9A-B13F-CE09B9158DB3}.Release|x64.Build.0 = Release|x64
		{EFAF5209-BEE2-4C9A-B13F-CE09B9158DB3}.Release|x86.ActiveCfg = Release|Win32
		{EFAF5209-BEE2-4C9A-B13F-CE09B9158DB3}.Release|x86.Build.0 = Release|Win32
		{D42DFEDB-061B-41BC-BF08-96294CAFC93C}.Debug|x64.ActiveCfg = Debug|x64
		{D42DFEDB-061B-41BC-BF08-96294CAFC93C}.Debug|x64.Build.0 = Debug|x64
		{D42DFEDB-061B-41BC-BF08-96294CAFC93C}.Debug|x86.ActiveCfg = Debug|Win32
		{D42DFEDB-061B-41BC-BF08-96294CAFC93C}.Debug|x86.Build.0 = Debug|Win32
		{D42DFEDB-061B-41BC-BF08-96294CAFC93C}.Release|x64.ActiveCfg = Release|x64
		{D42DFEDB-061B-41BC-BF08-96294CAFC93C}.Release|x64.Build.0 = Release|x64
		{D42DFEDB-061B-41BC-BF08-96294CAFC93C}.Release|x86.ActiveCfg = Release|Win32
		{D42DFEDB-061B-41BC-BF08-96294CAFC93C}.Release|x86.Build.0 = Release|Win32
	EndGlobalSection
	GlobalSection(SolutionProperties) = preSolution
		HideSolutionNode = FALSE
	EndGlobalSection
EndGlobal
