
Microsoft Visual Studio Solution File, Format Version 12.00
# Visual Studio 14
VisualStudioVersion = 14.0.25420.1
MinimumVisualStudioVersion = 10.0.40219.1
Project("{8BC9CEB8-8B4A-11D0-8D11-00A0C91BC942}") = "Aula0810", "Aula0810\Aula0810.vcxproj", "{58D0BA73-D0E6-4255-B995-943BCEC86707}"
EndProject
Project("{8BC9CEB8-8B4A-11D0-8D11-00A0C91BC942}") = "Aula1010_funcoes", "Aula1010_funcoes\Aula1010_funcoes.vcxproj", "{A55070AC-DC7C-4CD5-A7C4-8D19D79889C0}"
EndProject
Project("{8BC9CEB8-8B4A-11D0-8D11-00A0C91BC942}") = "Aula1010_calculadora", "Aula1010_calculadora\Aula1010_calculadora.vcxproj", "{5958620C-A50D-44F7-812D-18C0C96428BF}"
EndProject
Global
	GlobalSection(SolutionConfigurationPlatforms) = preSolution
		Debug|x64 = Debug|x64
		Debug|x86 = Debug|x86
		Release|x64 = Release|x64
		Release|x86 = Release|x86
	EndGlobalSection
	GlobalSection(ProjectConfigurationPlatforms) = postSolution
		{58D0BA73-D0E6-4255-B995-943BCEC86707}.Debug|x64.ActiveCfg = Debug|x64
		{58D0BA73-D0E6-4255-B995-943BCEC86707}.Debug|x64.Build.0 = Debug|x64
		{58D0BA73-D0E6-4255-B995-943BCEC86707}.Debug|x86.ActiveCfg = Debug|Win32
		{58D0BA73-D0E6-4255-B995-943BCEC86707}.Debug|x86.Build.0 = Debug|Win32
		{58D0BA73-D0E6-4255-B995-943BCEC86707}.Release|x64.ActiveCfg = Release|x64
		{58D0BA73-D0E6-4255-B995-943BCEC86707}.Release|x64.Build.0 = Release|x64
		{58D0BA73-D0E6-4255-B995-943BCEC86707}.Release|x86.ActiveCfg = Release|Win32
		{58D0BA73-D0E6-4255-B995-943BCEC86707}.Release|x86.Build.0 = Release|Win32
		{A55070AC-DC7C-4CD5-A7C4-8D19D79889C0}.Debug|x64.ActiveCfg = Debug|x64
		{A55070AC-DC7C-4CD5-A7C4-8D19D79889C0}.Debug|x64.Build.0 = Debug|x64
		{A55070AC-DC7C-4CD5-A7C4-8D19D79889C0}.Debug|x86.ActiveCfg = Debug|Win32
		{A55070AC-DC7C-4CD5-A7C4-8D19D79889C0}.Debug|x86.Build.0 = Debug|Win32
		{A55070AC-DC7C-4CD5-A7C4-8D19D79889C0}.Release|x64.ActiveCfg = Release|x64
		{A55070AC-DC7C-4CD5-A7C4-8D19D79889C0}.Release|x64.Build.0 = Release|x64
		{A55070AC-DC7C-4CD5-A7C4-8D19D79889C0}.Release|x86.ActiveCfg = Release|Win32
		{A55070AC-DC7C-4CD5-A7C4-8D19D79889C0}.Release|x86.Build.0 = Release|Win32
		{5958620C-A50D-44F7-812D-18C0C96428BF}.Debug|x64.ActiveCfg = Debug|x64
		{5958620C-A50D-44F7-812D-18C0C96428BF}.Debug|x64.Build.0 = Debug|x64
		{5958620C-A50D-44F7-812D-18C0C96428BF}.Debug|x86.ActiveCfg = Debug|Win32
		{5958620C-A50D-44F7-812D-18C0C96428BF}.Debug|x86.Build.0 = Debug|Win32
		{5958620C-A50D-44F7-812D-18C0C96428BF}.Release|x64.ActiveCfg = Release|x64
		{5958620C-A50D-44F7-812D-18C0C96428BF}.Release|x64.Build.0 = Release|x64
		{5958620C-A50D-44F7-812D-18C0C96428BF}.Release|x86.ActiveCfg = Release|Win32
		{5958620C-A50D-44F7-812D-18C0C96428BF}.Release|x86.Build.0 = Release|Win32
	EndGlobalSection
	GlobalSection(SolutionProperties) = preSolution
		HideSolutionNode = FALSE
	EndGlobalSection
EndGlobal
